
Microsoft Visual Studio Solution File, Format Version 12.00
# Visual Studio 2012
Project("{FAE04EC0-301F-11D3-BF4B-00C04F79EFBC}") = "Grade-Scores", "SortStudentsData\Grade-Scores.csproj", "{10BB1701-E76B-4B51-AE2C-74E629DBE498}"
EndProject
Global
	GlobalSection(SolutionConfigurationPlatforms) = preSolution
		Debug|Any CPU = Debug|Any CPU
		Release|Any CPU = Release|Any CPU
	EndGlobalSection
	GlobalSection(ProjectConfigurationPlatforms) = postSolution
		{10BB1701-E76B-4B51-AE2C-74E629DBE498}.Debug|Any CPU.ActiveCfg = Debug|Any CPU
		{10BB1701-E76B-4B51-AE2C-74E629DBE498}.Debug|Any CPU.Build.0 = Debug|Any CPU
		{10BB1701-E76B-4B51-AE2C-74E629DBE498}.Release|Any CPU.ActiveCfg = Release|Any CPU
		{10BB1701-E76B-4B51-AE2C-74E629DBE498}.Release|Any CPU.Build.0 = Release|Any CPU
	EndGlobalSection
	GlobalSection(SolutionProperties) = preSolution
		HideSolutionNode = FALSE
	EndGlobalSection
EndGlobal
